<Solution>
  <Folder Name="/Solution Items/" />
  <Project Path="1variaveisEDados/1variaveisEDados.csproj" Id="6e4dd136-48fe-43c8-95e2-9d1f4f730f8c" />
  <Project Path="2entradaEDebug/2entradaEDebug.csproj" Id="6c2cb4fe-c1ea-482a-8938-17aed3b0adaf" />
  <Project Path="2vetoresEMatrizes/3vetoresEMatrizes.csproj" Id="5524792d-7a75-45d9-aa6f-1e2a5a6b0911" />
</Solution>
